
Microsoft Visual Studio Solution File, Format Version 12.00
# Visual Studio 15
VisualStudioVersion = 15.0.28307.572
MinimumVisualStudioVersion = 10.0.40219.1
Project("{FAE04EC0-301F-11D3-BF4B-00C04F79EFBC}") = "WorkflowPocApp", "WorkflowPocApp\WorkflowPocApp.csproj", "{2E62E126-E383-4F8A-8542-443E61C3CA80}"
EndProject
Project("{FAE04EC0-301F-11D3-BF4B-00C04F79EFBC}") = "WorkflowPocEngine", "WorkflowPocEngine\WorkflowPocEngine.csproj", "{299F949E-A2FF-47D2-9EB5-2775DF1514B1}"
EndProject
Global
	GlobalSection(SolutionConfigurationPlatforms) = preSolution
		Debug|Any CPU = Debug|Any CPU
		Release|Any CPU = Release|Any CPU
	EndGlobalSection
	GlobalSection(ProjectConfigurationPlatforms) = postSolution
		{2E62E126-E383-4F8A-8542-443E61C3CA80}.Debug|Any CPU.ActiveCfg = Debug|Any CPU
		{2E62E126-E383-4F8A-8542-443E61C3CA80}.Debug|Any CPU.Build.0 = Debug|Any CPU
		{2E62E126-E383-4F8A-8542-443E61C3CA80}.Release|Any CPU.ActiveCfg = Release|Any CPU
		{2E62E126-E383-4F8A-8542-443E61C3CA80}.Release|Any CPU.Build.0 = Release|Any CPU
		{299F949E-A2FF-47D2-9EB5-2775DF1514B1}.Debug|Any CPU.ActiveCfg = Debug|Any CPU
		{299F949E-A2FF-47D2-9EB5-2775DF1514B1}.Debug|Any CPU.Build.0 = Debug|Any CPU
		{299F949E-A2FF-47D2-9EB5-2775DF1514B1}.Release|Any CPU.ActiveCfg = Release|Any CPU
		{299F949E-A2FF-47D2-9EB5-2775DF1514B1}.Release|Any CPU.Build.0 = Release|Any CPU
	EndGlobalSection
	GlobalSection(SolutionProperties) = preSolution
		HideSolutionNode = FALSE
	EndGlobalSection
	GlobalSection(ExtensibilityGlobals) = postSolution
		SolutionGuid = {1DA15B7D-83C0-43BC-B6D0-CD6A6578BA76}
	EndGlobalSection
EndGlobal
